
Microsoft Visual Studio Solution File, Format Version 12.00
# Visual Studio Version 16
VisualStudioVersion = 16.0.31129.286
MinimumVisualStudioVersion = 10.0.40219.1
Project("{8BC9CEB8-8B4A-11D0-8D11-00A0C91BC942}") = "Approximate e^x", "Approximate e^x\Approximate e^x.vcxproj", "{745063A7-A6EA-4A72-8D23-B4CFDF18780D}"
EndProject
Global
	GlobalSection(SolutionConfigurationPlatforms) = preSolution
		Debug|x64 = Debug|x64
		Debug|x86 = Debug|x86
		Release|x64 = Release|x64
		Release|x86 = Release|x86
	EndGlobalSection
	GlobalSection(ProjectConfigurationPlatforms) = postSolution
		{745063A7-A6EA-4A72-8D23-B4CFDF18780D}.Debug|x64.ActiveCfg = Debug|x64
		{745063A7-A6EA-4A72-8D23-B4CFDF18780D}.Debug|x64.Build.0 = Debug|x64
		{745063A7-A6EA-4A72-8D23-B4CFDF18780D}.Debug|x86.ActiveCfg = Debug|Win32
		{745063A7-A6EA-4A72-8D23-B4CFDF18780D}.Debug|x86.Build.0 = Debug|Win32
		{745063A7-A6EA-4A72-8D23-B4CFDF18780D}.Release|x64.ActiveCfg = Release|x64
		{745063A7-A6EA-4A72-8D23-B4CFDF18780D}.Release|x64.Build.0 = Release|x64
		{745063A7-A6EA-4A72-8D23-B4CFDF18780D}.Release|x86.ActiveCfg = Release|Win32
		{745063A7-A6EA-4A72-8D23-B4CFDF18780D}.Release|x86.Build.0 = Release|Win32
	EndGlobalSection
	GlobalSection(SolutionProperties) = preSolution
		HideSolutionNode = FALSE
	EndGlobalSection
	GlobalSection(ExtensibilityGlobals) = postSolution
		SolutionGuid = {5E018C68-489C-4259-8075-28CDBDBFD5D6}
	EndGlobalSection
EndGlobal
